// !$*UTF8*$!
{
	archiveVersion = 1;
	classes = {
	};
	objectVersion = 50;
	objects = {

/* Begin PBXBuildFile section */
		6918D1F122EA215900BE9DAE /* AppDelegate.swift in Sources */ = {isa = PBXBuildFile; fileRef = 6918D1F022EA215900BE9DAE /* AppDelegate.swift */; };
		6918D1F322EA215900BE9DAE /* MealListViewController.swift in Sources */ = {isa = PBXBuildFile; fileRef = 6918D1F222EA215900BE9DAE /* MealListViewController.swift */; };
		6918D1F622EA215900BE9DAE /* Main.storyboard in Resources */ = {isa = PBXBuildFile; fileRef = 6918D1F422EA215900BE9DAE /* Main.storyboard */; };
		6918D1F822EA216C00BE9DAE /* Assets.xcassets in Resources */ = {isa = PBXBuildFile; fileRef = 6918D1F722EA216C00BE9DAE /* Assets.xcassets */; };
		6918D1FB22EA216C00BE9DAE /* LaunchScreen.storyboard in Resources */ = {isa = PBXBuildFile; fileRef = 6918D1F922EA216C00BE9DAE /* LaunchScreen.storyboard */; };
		6918D20722EA23DC00BE9DAE /* Meal.swift in Sources */ = {isa = PBXBuildFile; fileRef = 6918D20622EA23DC00BE9DAE /* Meal.swift */; };
		6918D20922EA2F7200BE9DAE /* MealViewController.swift in Sources */ = {isa = PBXBuildFile; fileRef = 6918D20822EA2F7200BE9DAE /* MealViewController.swift */; };
/* End PBXBuildFile section */

/* Begin PBXFileReference section */
		6918D1ED22EA215900BE9DAE /* MVC Welcome.app */ = {isa = PBXFileReference; explicitFileType = wrapper.application; includeInIndex = 0; path = "MVC Welcome.app"; sourceTree = BUILT_PRODUCTS_DIR; };
		6918D1F022EA215900BE9DAE /* AppDelegate.swift */ = {isa = PBXFileReference; lastKnownFileType = sourcecode.swift; path = AppDelegate.swift; sourceTree = "<group>"; };
		6918D1F222EA215900BE9DAE /* MealListViewController.swift */ = {isa = PBXFileReference; lastKnownFileType = sourcecode.swift; path = MealListViewController.swift; sourceTree = "<group>"; };
		6918D1F522EA215900BE9DAE /* Base */ = {isa = PBXFileReference; lastKnownFileType = file.storyboard; name = Base; path = Base.lproj/Main.storyboard; sourceTree = "<group>"; };
		6918D1F722EA216C00BE9DAE /* Assets.xcassets */ = {isa = PBXFileReference; lastKnownFileType = folder.assetcatalog; path = Assets.xcassets; sourceTree = "<group>"; };
		6918D1FA22EA216C00BE9DAE /* Base */ = {isa = PBXFileReference; lastKnownFileType = file.storyboard; name = Base; path = Base.lproj/LaunchScreen.storyboard; sourceTree = "<group>"; };
		6918D1FC22EA216C00BE9DAE /* Info.plist */ = {isa = PBXFileReference; lastKnownFileType = text.plist.xml; path = Info.plist; sourceTree = "<group>"; };
		6918D20622EA23DC00BE9DAE /* Meal.swift */ = {isa = PBXFileReference; lastKnownFileType = sourcecode.swift; path = Meal.swift; sourceTree = "<group>"; };
		6918D20822EA2F7200BE9DAE /* MealViewController.swift */ = {isa = PBXFileReference; lastKnownFileType = sourcecode.swift; path = MealViewController.swift; sourceTree = "<group>"; };
/* End PBXFileReference section */

/* Begin PBXFrameworksBuildPhase section */
		6918D1EA22EA215900BE9DAE /* Frameworks */ = {
			isa = PBXFrameworksBuildPhase;
			buildActionMask = 2147483647;
			files = (
			);
			runOnlyForDeploymentPostprocessing = 0;
		};
/* End PBXFrameworksBuildPhase section */

/* Begin PBXGroup section */
		6918D1E422EA215900BE9DAE = {
			isa = PBXGroup;
			children = (
				6918D1EF22EA215900BE9DAE /* MVC Welcome */,
				6918D1EE22EA215900BE9DAE /* Products */,
			);
			sourceTree = "<group>";
		};
		6918D1EE22EA215900BE9DAE /* Products */ = {
			isa = PBXGroup;
			children = (
				6918D1ED22EA215900BE9DAE /* MVC Welcome.app */,
			);
			name = Products;
			sourceTree = "<group>";
		};
		6918D1EF22EA215900BE9DAE /* MVC Welcome */ = {
			isa = PBXGroup;
			children = (
				6918D20222EA219D00BE9DAE /* Controllers */,
				6918D20522EA23A200BE9DAE /* Model */,
				6918D20422EA232600BE9DAE /* Supporting Files */,
				6918D20322EA227F00BE9DAE /* Views */,
			);
			path = "MVC Welcome";
			sourceTree = "<group>";
		};
		6918D20222EA219D00BE9DAE /* Controllers */ = {
			isa = PBXGroup;
			children = (
				6918D1F222EA215900BE9DAE /* MealListViewController.swift */,
				6918D20822EA2F7200BE9DAE /* MealViewController.swift */,
			);
			path = Controllers;
			sourceTree = "<group>";
		};
		6918D20322EA227F00BE9DAE /* Views */ = {
			isa = PBXGroup;
			children = (
				6918D1F422EA215900BE9DAE /* Main.storyboard */,
				6918D1F922EA216C00BE9DAE /* LaunchScreen.storyboard */,
			);
			path = Views;
			sourceTree = "<group>";
		};
		6918D20422EA232600BE9DAE /* Supporting Files */ = {
			isa = PBXGroup;
			children = (
				6918D1F022EA215900BE9DAE /* AppDelegate.swift */,
				6918D1F722EA216C00BE9DAE /* Assets.xcassets */,
				6918D1FC22EA216C00BE9DAE /* Info.plist */,
			);
			path = "Supporting Files";
			sourceTree = "<group>";
		};
		6918D20522EA23A200BE9DAE /* Model */ = {
			isa = PBXGroup;
			children = (
				6918D20622EA23DC00BE9DAE /* Meal.swift */,
			);
			path = Model;
			sourceTree = "<group>";
		};
/* End PBXGroup section */

/* Begin PBXNativeTarget section */
		6918D1EC22EA215900BE9DAE /* MVC Welcome */ = {
			isa = PBXNativeTarget;
			buildConfigurationList = 6918D1FF22EA216C00BE9DAE /* Build configuration list for PBXNativeTarget "MVC Welcome" */;
			buildPhases = (
				6918D1E922EA215900BE9DAE /* Sources */,
				6918D1EA22EA215900BE9DAE /* Frameworks */,
				6918D1EB22EA215900BE9DAE /* Resources */,
			);
			buildRules = (
			);
			dependencies = (
			);
			name = "MVC Welcome";
			productName = "MVC Welcome";
			productReference = 6918D1ED22EA215900BE9DAE /* MVC Welcome.app */;
			productType = "com.apple.product-type.application";
		};
/* End PBXNativeTarget section */

/* Begin PBXProject section */
		6918D1E522EA215900BE9DAE /* Project object */ = {
			isa = PBXProject;
			attributes = {
				LastSwiftUpdateCheck = 1030;
				LastUpgradeCheck = 1030;
				ORGANIZATIONNAME = "Denis Bystruev";
				TargetAttributes = {
					6918D1EC22EA215900BE9DAE = {
						CreatedOnToolsVersion = 10.3;
					};
				};
			};
			buildConfigurationList = 6918D1E822EA215900BE9DAE /* Build configuration list for PBXProject "MVC Welcome" */;
			compatibilityVersion = "Xcode 9.3";
			developmentRegion = en;
			hasScannedForEncodings = 0;
			knownRegions = (
				en,
				Base,
			);
			mainGroup = 6918D1E422EA215900BE9DAE;
			productRefGroup = 6918D1EE22EA215900BE9DAE /* Products */;
			projectDirPath = "";
			projectRoot = "";
			targets = (
				6918D1EC22EA215900BE9DAE /* MVC Welcome */,
			);
		};
/* End PBXProject section */

/* Begin PBXResourcesBuildPhase section */
		6918D1EB22EA215900BE9DAE /* Resources */ = {
			isa = PBXResourcesBuildPhase;
			buildActionMask = 2147483647;
			files = (
				6918D1FB22EA216C00BE9DAE /* LaunchScreen.storyboard in Resources */,
				6918D1F822EA216C00BE9DAE /* Assets.xcassets in Resources */,
				6918D1F622EA215900BE9DAE /* Main.storyboard in Resources */,
			);
			runOnlyForDeploymentPostprocessing = 0;
		};
/* End PBXResourcesBuildPhase section */

/* Begin PBXSourcesBuildPhase section */
		6918D1E922EA215900BE9DAE /* Sources */ = {
			isa = PBXSourcesBuildPhase;
			buildActionMask = 2147483647;
			files = (
				6918D1F322EA215900BE9DAE /* MealListViewController.swift in Sources */,
				6918D20922EA2F7200BE9DAE /* MealViewController.swift in Sources */,
				6918D20722EA23DC00BE9DAE /* Meal.swift in Sources */,
				6918D1F122EA215900BE9DAE /* AppDelegate.swift in Sources */,
			);
			runOnlyForDeploymentPostprocessing = 0;
		};
/* End PBXSourcesBuildPhase section */

/* Begin PBXVariantGroup section */
		6918D1F422EA215900BE9DAE /* Main.storyboard */ = {
			isa = PBXVariantGroup;
			children = (
				6918D1F522EA215900BE9DAE /* Base */,
			);
			name = Main.storyboard;
			sourceTree = "<group>";
		};
		6918D1F922EA216C00BE9DAE /* LaunchScreen.storyboard */ = {
			isa = PBXVariantGroup;
			children = (
				6918D1FA22EA216C00BE9DAE /* Base */,
			);
			name = LaunchScreen.storyboard;
			sourceTree = "<group>";
		};
/* End PBXVariantGroup section */

/* Begin XCBuildConfiguration section */
		6918D1FD22EA216C00BE9DAE /* Debug */ = {
			isa = XCBuildConfiguration;
			buildSettings = {
				ALWAYS_SEARCH_USER_PATHS = NO;
				CLANG_ANALYZER_NONNULL = YES;
				CLANG_ANALYZER_NUMBER_OBJECT_CONVERSION = YES_AGGRESSIVE;
				CLANG_CXX_LANGUAGE_STANDARD = "gnu++14";
				CLANG_CXX_LIBRARY = "libc++";
				CLANG_ENABLE_MODULES = YES;
				CLANG_ENABLE_OBJC_ARC = YES;
				CLANG_ENABLE_OBJC_WEAK = YES;
				CLANG_WARN_BLOCK_CAPTURE_AUTORELEASING = YES;
				CLANG_WARN_BOOL_CONVERSION = YES;
				CLANG_WARN_COMMA = YES;
				CLANG_WARN_CONSTANT_CONVERSION = YES;
				CLANG_WARN_DEPRECATED_OBJC_IMPLEMENTATIONS = YES;
				CLANG_WARN_DIRECT_OBJC_ISA_USAGE = YES_ERROR;
				CLANG_WARN_DOCUMENTATION_COMMENTS = YES;
				CLANG_WARN_EMPTY_BODY = YES;
				CLANG_WARN_ENUM_CONVERSION = YES;
				CLANG_WARN_INFINITE_RECURSION = YES;
				CLANG_WARN_INT_CONVERSION = YES;
				CLANG_WARN_NON_LITERAL_NULL_CONVERSION = YES;
				CLANG_WARN_OBJC_IMPLICIT_RETAIN_SELF = YES;
				CLANG_WARN_OBJC_LITERAL_CONVERSION = YES;
				CLANG_WARN_OBJC_ROOT_CLASS = YES_ERROR;
				CLANG_WARN_RANGE_LOOP_ANALYSIS = YES;
				CLANG_WARN_STRICT_PROTOTYPES = YES;
				CLANG_WARN_SUSPICIOUS_MOVE = YES;
				CLANG_WARN_UNGUARDED_AVAILABILITY = YES_AGGRESSIVE;
				CLANG_WARN_UNREACHABLE_CODE = YES;
				CLANG_WARN__DUPLICATE_METHOD_MATCH = YES;
				CODE_SIGN_IDENTITY = "iPhone Developer";
				COPY_PHASE_STRIP = NO;
				DEBUG_INFORMATION_FORMAT = dwarf;
				ENABLE_STRICT_OBJC_MSGSEND = YES;
				ENABLE_TESTABILITY = YES;
				GCC_C_LANGUAGE_STANDARD = gnu11;
				GCC_DYNAMIC_NO_PIC = NO;
				GCC_NO_COMMON_BLOCKS = YES;
				GCC_OPTIMIZATION_LEVEL = 0;
				GCC_PREPROCESSOR_DEFINITIONS = (
					"DEBUG=1",
					"$(inherited)",
				);
				GCC_WARN_64_TO_32_BIT_CONVERSION = YES;
				GCC_WARN_ABOUT_RETURN_TYPE = YES_ERROR;
				GCC_WARN_UNDECLARED_SELECTOR = YES;
				GCC_WARN_UNINITIALIZED_AUTOS = YES_AGGRESSIVE;
				GCC_WARN_UNUSED_FUNCTION = YES;
				GCC_WARN_UNUSED_VARIABLE = YES;
				IPHONEOS_DEPLOYMENT_TARGET = 12.4;
				MTL_ENABLE_DEBUG_INFO = INCLUDE_SOURCE;
				MTL_FAST_MATH = YES;
				ONLY_ACTIVE_ARCH = YES;
				SDKROOT = iphoneos;
				SWIFT_ACTIVE_COMPILATION_CONDITIONS = DEBUG;
				SWIFT_OPTIMIZATION_LEVEL = "-Onone";
			};
			name = Debug;
		};
		6918D1FE22EA216C00BE9DAE /* Release */ = {
			isa = XCBuildConfiguration;
			buildSettings = {
				ALWAYS_SEARCH_USER_PATHS = NO;
				CLANG_ANALYZER_NONNULL = YES;
				CLANG_ANALYZER_NUMBER_OBJECT_CONVERSION = YES_AGGRESSIVE;
				CLANG_CXX_LANGUAGE_STANDARD = "gnu++14";
				CLANG_CXX_LIBRARY = "libc++";
				CLANG_ENABLE_MODULES = YES;
				CLANG_ENABLE_OBJC_ARC = YES;
				CLANG_ENABLE_OBJC_WEAK = YES;
				CLANG_WARN_BLOCK_CAPTURE_AUTORELEASING = YES;
				CLANG_WARN_BOOL_CONVERSION = YES;
				CLANG_WARN_COMMA = YES;
				CLANG_WARN_CONSTANT_CONVERSION = YES;
				CLANG_WARN_DEPRECATED_OBJC_IMPLEMENTATIONS = YES;
				CLANG_WARN_DIRECT_OBJC_ISA_USAGE = YES_ERROR;
				CLANG_WARN_DOCUMENTATION_COMMENTS = YES;
				CLANG_WARN_EMPTY_BODY = YES;
				CLANG_WARN_ENUM_CONVERSION = YES;
				CLANG_WARN_INFINITE_RECURSION = YES;
				CLANG_WARN_INT_CONVERSION = YES;
				CLANG_WARN_NON_LITERAL_NULL_CONVERSION = YES;
				CLANG_WARN_OBJC_IMPLICIT_RETAIN_SELF = YES;
				CLANG_WARN_OBJC_LITERAL_CONVERSION = YES;
				CLANG_WARN_OBJC_ROOT_CLASS = YES_ERROR;
				CLANG_WARN_RANGE_LOOP_ANALYSIS = YES;
				CLANG_WARN_STRICT_PROTOTYPES = YES;
				CLANG_WARN_SUSPICIOUS_MOVE = YES;
				CLANG_WARN_UNGUARDED_AVAILABILITY = YES_AGGRESSIVE;
				CLANG_WARN_UNREACHABLE_CODE = YES;
				CLANG_WARN__DUPLICATE_METHOD_MATCH = YES;
				CODE_SIGN_IDENTITY = "iPhone Developer";
				COPY_PHASE_STRIP = NO;
				DEBUG_INFORMATION_FORMAT = "dwarf-with-dsym";
				ENABLE_NS_ASSERTIONS = NO;
				ENABLE_STRICT_OBJC_MSGSEND = YES;
				GCC_C_LANGUAGE_STANDARD = gnu11;
				GCC_NO_COMMON_BLOCKS = YES;
				GCC_WARN_64_TO_32_BIT_CONVERSION = YES;
				GCC_WARN_ABOUT_RETURN_TYPE = YES_ERROR;
				GCC_WARN_UNDECLARED_SELECTOR = YES;
				GCC_WARN_UNINITIALIZED_AUTOS = YES_AGGRESSIVE;
				GCC_WARN_UNUSED_FUNCTION = YES;
				GCC_WARN_UNUSED_VARIABLE = YES;
				IPHONEOS_DEPLOYMENT_TARGET = 12.4;
				MTL_ENABLE_DEBUG_INFO = NO;
				MTL_FAST_MATH = YES;
				SDKROOT = iphoneos;
				SWIFT_COMPILATION_MODE = wholemodule;
				SWIFT_OPTIMIZATION_LEVEL = "-O";
				VALIDATE_PRODUCT = YES;
			};
			name = Release;
		};
		6918D20022EA216C00BE9DAE /* Debug */ = {
			isa = XCBuildConfiguration;
			buildSettings = {
				ASSETCATALOG_COMPILER_APPICON_NAME = AppIcon;
				CODE_SIGN_STYLE = Automatic;
				DEVELOPMENT_TEAM = 8J39KF9DMS;
				INFOPLIST_FILE = "$(SRCROOT)/MVC Welcome/Supporting Files/Info.plist";
				LD_RUNPATH_SEARCH_PATHS = (
					"$(inherited)",
					"@executable_path/Frameworks",
				);
				PRODUCT_BUNDLE_IDENTIFIER = "ru.learnSwift.MVC-Welcome";
				PRODUCT_NAME = "$(TARGET_NAME)";
				SWIFT_VERSION = 5.0;
				TARGETED_DEVICE_FAMILY = "1,2";
			};
			name = Debug;
		};
		6918D20122EA216C00BE9DAE /* Release */ = {
			isa = XCBuildConfiguration;
			buildSettings = {
				ASSETCATALOG_COMPILER_APPICON_NAME = AppIcon;
				CODE_SIGN_STYLE = Automatic;
				DEVELOPMENT_TEAM = 8J39KF9DMS;
				INFOPLIST_FILE = "$(SRCROOT)/MVC Welcome/Supporting Files/Info.plist";
				LD_RUNPATH_SEARCH_PATHS = (
					"$(inherited)",
					"@executable_path/Frameworks",
				);
				PRODUCT_BUNDLE_IDENTIFIER = "ru.learnSwift.MVC-Welcome";
				PRODUCT_NAME = "$(TARGET_NAME)";
				SWIFT_VERSION = 5.0;
				TARGETED_DEVICE_FAMILY = "1,2";
			};
			name = Release;
		};
/* End XCBuildConfiguration section */

/* Begin XCConfigurationList section */
		6918D1E822EA215900BE9DAE /* Build configuration list for PBXProject "MVC Welcome" */ = {
			isa = XCConfigurationList;
			buildConfigurations = (
				6918D1FD22EA216C00BE9DAE /* Debug */,
				6918D1FE22EA216C00BE9DAE /* Release */,
			);
			defaultConfigurationIsVisible = 0;
			defaultConfigurationName = Release;
		};
		6918D1FF22EA216C00BE9DAE /* Build configuration list for PBXNativeTarget "MVC Welcome" */ = {
			isa = XCConfigurationList;
			buildConfigurations = (
				6918D20022EA216C00BE9DAE /* Debug */,
				6918D20122EA216C00BE9DAE /* Release */,
			);
			defaultConfigurationIsVisible = 0;
			defaultConfigurationName = Release;
		};
/* End XCConfigurationList section */
	};
	rootObject = 6918D1E522EA215900BE9DAE /* Project object */;
}
